
Microsoft Visual Studio Solution File, Format Version 12.00
# Visual Studio Version 17
VisualStudioVersion = 17.11.35327.3
MinimumVisualStudioVersion = 10.0.40219.1
Project("{FAE04EC0-301F-11D3-BF4B-00C04F79EFBC}") = "WinContainer", "WinContainer.csproj", "{FFB21ED8-E0C8-414E-93E1-A854FAD186E4}"
EndProject
Global
	GlobalSection(SolutionConfigurationPlatforms) = preSolution
		Debug|Any CPU = Debug|Any CPU
		Release|Any CPU = Release|Any CPU
	EndGlobalSection
	GlobalSection(ProjectConfigurationPlatforms) = postSolution
		{FFB21ED8-E0C8-414E-93E1-A854FAD186E4}.Debug|Any CPU.ActiveCfg = Debug|Any CPU
		{FFB21ED8-E0C8-414E-93E1-A854FAD186E4}.Debug|Any CPU.Build.0 = Debug|Any CPU
		{FFB21ED8-E0C8-414E-93E1-A854FAD186E4}.Release|Any CPU.ActiveCfg = Release|Any CPU
		{FFB21ED8-E0C8-414E-93E1-A854FAD186E4}.Release|Any CPU.Build.0 = Release|Any CPU
	EndGlobalSection
	GlobalSection(SolutionProperties) = preSolution
		HideSolutionNode = FALSE
	EndGlobalSection
	GlobalSection(ExtensibilityGlobals) = postSolution
		SolutionGuid = {56826EAE-497A-419F-95E8-CE676A3D1213}
	EndGlobalSection
EndGlobal
